
Microsoft Visual Studio Solution File, Format Version 12.00
# Visual Studio Version 17
VisualStudioVersion = 17.0.31903.59
MinimumVisualStudioVersion = 10.0.40219.1
Project("{FAE04EC0-301F-11D3-BF4B-00C04F79EFBC}") = "RpcPipes.Client", "RpcPipes.Client\RpcPipes.Client.csproj", "{ED803400-A529-44D8-B395-162159749B1B}"
EndProject
Project("{FAE04EC0-301F-11D3-BF4B-00C04F79EFBC}") = "RpcPipes.Transport", "RpcPipes.Transport\RpcPipes.Transport.csproj", "{154E1EF2-9775-486E-AD8F-0438B3265717}"
EndProject
Project("{FAE04EC0-301F-11D3-BF4B-00C04F79EFBC}") = "RpcPipes.Transport.Tests", "RpcPipes.Transport.Tests\RpcPipes.Transport.Tests.csproj", "{7B850A96-1F6A-4707-9F4A-9A8B92CEA938}"
EndProject
Project("{FAE04EC0-301F-11D3-BF4B-00C04F79EFBC}") = "RpcPipes.Models", "RpcPipes.Models\RpcPipes.Models.csproj", "{5155B8F3-5123-4FE0-9762-C3658406DE46}"
EndProject
Global
	GlobalSection(SolutionConfigurationPlatforms) = preSolution
		Debug|Any CPU = Debug|Any CPU
		Release|Any CPU = Release|Any CPU
	EndGlobalSection
	GlobalSection(ProjectConfigurationPlatforms) = postSolution
		{ED803400-A529-44D8-B395-162159749B1B}.Debug|Any CPU.ActiveCfg = Debug|Any CPU
		{ED803400-A529-44D8-B395-162159749B1B}.Debug|Any CPU.Build.0 = Debug|Any CPU
		{ED803400-A529-44D8-B395-162159749B1B}.Release|Any CPU.ActiveCfg = Release|Any CPU
		{ED803400-A529-44D8-B395-162159749B1B}.Release|Any CPU.Build.0 = Release|Any CPU
		{154E1EF2-9775-486E-AD8F-0438B3265717}.Debug|Any CPU.ActiveCfg = Debug|Any CPU
		{154E1EF2-9775-486E-AD8F-0438B3265717}.Debug|Any CPU.Build.0 = Debug|Any CPU
		{154E1EF2-9775-486E-AD8F-0438B3265717}.Release|Any CPU.ActiveCfg = Release|Any CPU
		{154E1EF2-9775-486E-AD8F-0438B3265717}.Release|Any CPU.Build.0 = Release|Any CPU
		{7B850A96-1F6A-4707-9F4A-9A8B92CEA938}.Debug|Any CPU.ActiveCfg = Debug|Any CPU
		{7B850A96-1F6A-4707-9F4A-9A8B92CEA938}.Debug|Any CPU.Build.0 = Debug|Any CPU
		{7B850A96-1F6A-4707-9F4A-9A8B92CEA938}.Release|Any CPU.ActiveCfg = Release|Any CPU
		{7B850A96-1F6A-4707-9F4A-9A8B92CEA938}.Release|Any CPU.Build.0 = Release|Any CPU
		{5155B8F3-5123-4FE0-9762-C3658406DE46}.Debug|Any CPU.ActiveCfg = Debug|Any CPU
		{5155B8F3-5123-4FE0-9762-C3658406DE46}.Debug|Any CPU.Build.0 = Debug|Any CPU
		{5155B8F3-5123-4FE0-9762-C3658406DE46}.Release|Any CPU.ActiveCfg = Release|Any CPU
		{5155B8F3-5123-4FE0-9762-C3658406DE46}.Release|Any CPU.Build.0 = Release|Any CPU
	EndGlobalSection
	GlobalSection(SolutionProperties) = preSolution
		HideSolutionNode = FALSE
	EndGlobalSection
EndGlobal
